
Microsoft Visual Studio Solution File, Format Version 12.00
# Visual Studio Version 16
VisualStudioVersion = 16.0.30320.27
MinimumVisualStudioVersion = 10.0.40219.1
Project("{FAE04EC0-301F-11D3-BF4B-00C04F79EFBC}") = "MyApp001", "MyApp001\MyApp001.csproj", "{1CCE6BC0-B3B7-4079-8065-5997B4E64E8E}"
EndProject
Global
	GlobalSection(SolutionConfigurationPlatforms) = preSolution
		Debug|Any CPU = Debug|Any CPU
		Release|Any CPU = Release|Any CPU
	EndGlobalSection
	GlobalSection(ProjectConfigurationPlatforms) = postSolution
		{1CCE6BC0-B3B7-4079-8065-5997B4E64E8E}.Debug|Any CPU.ActiveCfg = Debug|Any CPU
		{1CCE6BC0-B3B7-4079-8065-5997B4E64E8E}.Debug|Any CPU.Build.0 = Debug|Any CPU
		{1CCE6BC0-B3B7-4079-8065-5997B4E64E8E}.Release|Any CPU.ActiveCfg = Release|Any CPU
		{1CCE6BC0-B3B7-4079-8065-5997B4E64E8E}.Release|Any CPU.Build.0 = Release|Any CPU
	EndGlobalSection
	GlobalSection(SolutionProperties) = preSolution
		HideSolutionNode = FALSE
	EndGlobalSection
	GlobalSection(ExtensibilityGlobals) = postSolution
		SolutionGuid = {C3267658-4F05-449F-9425-535834039BF4}
	EndGlobalSection
EndGlobal
